
Microsoft Visual Studio Solution File, Format Version 12.00
# Visual Studio 15
VisualStudioVersion = 15.0.28307.902
MinimumVisualStudioVersion = 10.0.40219.1
Project("{FAE04EC0-301F-11D3-BF4B-00C04F79EFBC}") = "COMP313-002-Team1-GreenTrade-Website", "COMP313-002-Team1-GreenTrade-Website\COMP313-002-Team1-GreenTrade-Website.csproj", "{EC069736-2E1B-42DB-B26E-A1876DF5C722}"
EndProject
Global
	GlobalSection(SolutionConfigurationPlatforms) = preSolution
		Debug|Any CPU = Debug|Any CPU
		Release|Any CPU = Release|Any CPU
	EndGlobalSection
	GlobalSection(ProjectConfigurationPlatforms) = postSolution
		{EC069736-2E1B-42DB-B26E-A1876DF5C722}.Debug|Any CPU.ActiveCfg = Debug|Any CPU
		{EC069736-2E1B-42DB-B26E-A1876DF5C722}.Debug|Any CPU.Build.0 = Debug|Any CPU
		{EC069736-2E1B-42DB-B26E-A1876DF5C722}.Release|Any CPU.ActiveCfg = Release|Any CPU
		{EC069736-2E1B-42DB-B26E-A1876DF5C722}.Release|Any CPU.Build.0 = Release|Any CPU
	EndGlobalSection
	GlobalSection(SolutionProperties) = preSolution
		HideSolutionNode = FALSE
	EndGlobalSection
	GlobalSection(ExtensibilityGlobals) = postSolution
		SolutionGuid = {EE4352DA-FA49-4305-A5CF-76535450B94F}
	EndGlobalSection
EndGlobal
